al.essio.dev/pkg/shellescape v1.6.0 h1:NxFcEqzFSEVCGN2yq7Huv/9hyCEGVa/TncnOOBBeXHA=
al.essio.dev/pkg/shellescape v1.6.0/go.mod h1:6sIqp7X2P6mThCQ7twERpZTuigpr6KbZWtls1U8I890=
github.com/alexaandru/confetti v1.3.0 h1:EJv0KOoG2vtUSucoIc7bV8hdhARefskOD4gy4bhvK8w=
github.com/alexaandru/confetti v1.3.0/go.mod h1:sW8uNxxt7YvrDNTi4POOqkZtqT0NMK53wkPmIMLDnbU=
github.com/aws/aws-sdk-go-v2 v1.39.5 h1:e/SXuia3rkFtapghJROrydtQpfQaaUgd1cUvyO1mp2w=
github.com/aws/aws-sdk-go-v2 v1.39.5/go.mod h1:yWSxrnioGUZ4WVv9TgMrNUeLV3PFESn/v+6T/Su8gnM=
github.com/aws/aws-sdk-go-v2/config v1.31.16 h1:E4Tz+tJiPc7kGnXwIfCyUj6xHJNpENlY11oKpRTgsjc=
github.com/aws/aws-sdk-go-v2/config v1.31.16/go.mod h1:2S9hBElpCyGMifv14WxQ7EfPumgoeCPZUpuPX8VtW34=
github.com/aws/aws-sdk-go-v2/credentials v1.18.20 h1:KFndAnHd9NUuzikHjQ8D5CfFVO+bgELkmcGY8yAw98Q=
github.com/aws/aws-sdk-go-v2/credentials v1.18.20/go.mod h1:9mCi28a+fmBHSQ0UM79omkz6JtN+PEsvLrnG36uoUv0=
github.com/aws/aws-sdk-go-v2/feature/ec2/imds v1.18.12 h1:VO3FIM2TDbm0kqp6sFNR0PbioXJb/HzCDW6NtIZpIWE=
github.com/aws/aws-sdk-go-v2/feature/ec2/imds v1.18.12/go.mod h1:6C39gB8kg82tx3r72muZSrNhHia9rjGkX7ORaS2GKNE=
github.com/aws/aws-sdk-go-v2/internal/configsources v1.4.12 h1:p/9flfXdoAnwJnuW9xHEAFY22R3A6skYkW19JFF9F+8=
github.com/aws/aws-sdk-go-v2/internal/configsources v1.4.12/go.mod h1:ZTLHakoVCTtW8AaLGSwJ3LXqHD9uQKnOcv1TrpO6u2k=
github.com/aws/aws-sdk-go-v2/internal/endpoints/v2 v2.7.12 h1:2lTWFvRcnWFFLzHWmtddu5MTchc5Oj2OOey++99tPZ0=
github.com/aws/aws-sdk-go-v2/internal/endpoints/v2 v2.7.12/go.mod h1:hI92pK+ho8HVcWMHKHrK3Uml4pfG7wvL86FzO0LVtQQ=
github.com/aws/aws-sdk-go-v2/internal/ini v1.8.4 h1:WKuaxf++XKWlHWu9ECbMlha8WOEGm0OUEZqm4K/Gcfk=
github.com/aws/aws-sdk-go-v2/internal/ini v1.8.4/go.mod h1:ZWy7j6v1vWGmPReu0iSGvRiise4YI5SkR3OHKTZ6Wuc=
github.com/aws/aws-sdk-go-v2/service/iam v1.47.7 h1:0EDAdmMTzsgXl++8a0JZ+Yx0/dOqT8o/EONknxlQK94=
github.com/aws/aws-sdk-go-v2/service/iam v1.47.7/go.mod h1:NkNbn/8/mFrPUq0Kg6EM6c0+GaTLG+aPzXxwB7RF5xo=
github.com/aws/aws-sdk-go-v2/service/internal/accept-encoding v1.13.2 h1:xtuxji5CS0JknaXoACOunXOYOQzgfTvGAc9s2QdCJA4=
github.com/aws/aws-sdk-go-v2/service/internal/accept-encoding v1.13.2/go.mod h1:zxwi0DIR0rcRcgdbl7E2MSOvxDyyXGBlScvBkARFaLQ=
github.com/aws/aws-sdk-go-v2/service/internal/presigned-url v1.13.12 h1:MM8imH7NZ0ovIVX7D2RxfMDv7Jt9OiUXkcQ+GqywA7M=
github.com/aws/aws-sdk-go-v2/service/internal/presigned-url v1.13.12/go.mod h1:gf4OGwdNkbEsb7elw2Sy76odfhwNktWII3WgvQgQQ6w=
github.com/aws/aws-sdk-go-v2/service/ssm v1.65.1 h1:TFg6XiS7EsHN0/jpV3eVNczZi/sPIVP5jxIs+euIESQ=
github.com/aws/aws-sdk-go-v2/service/ssm v1.65.1/go.mod h1:OIezd9K0sM/64DDP4kXx/i0NdgXu6R5KE6SCsIPJsjc=
github.com/aws/aws-sdk-go-v2/service/sso v1.30.0 h1:xHXvxst78wBpJFgDW07xllOx0IAzbryrSdM4nMVQ4Dw=
github.com/aws/aws-sdk-go-v2/service/sso v1.30.0/go.mod h1:/e8m+AO6HNPPqMyfKRtzZ9+mBF5/x1Wk8QiDva4m07I=
github.com/aws/aws-sdk-go-v2/service/ssooidc v1.35.4 h1:tBw2Qhf0kj4ZwtsVpDiVRU3zKLvjvjgIjHMKirxXg8M=
github.com/aws/aws-sdk-go-v2/service/ssooidc v1.35.4/go.mod h1:Deq4B7sRM6Awq/xyOBlxBdgW8/Z926KYNNaGMW2lrkA=
github.com/aws/aws-sdk-go-v2/service/sts v1.39.0 h1:C+BRMnasSYFcgDw8o9H5hzehKzXyAb9GY5v/8bP9DUY=
github.com/aws/aws-sdk-go-v2/service/sts v1.39.0/go.mod h1:4EjU+4mIx6+JqKQkruye+CaigV7alL3thVPfDd9VlMs=
github.com/aws/smithy-go v1.23.1 h1:sLvcH6dfAFwGkHLZ7dGiYF7aK6mg4CgKA/iDKjLDt9M=
github.com/aws/smithy-go v1.23.1/go.mod h1:LEj2LM3rBRQJxPZTB4KuzZkaZYnZPnvgIhb4pu07mx0=
github.com/danieljoos/wincred v1.2.2 h1:774zMFJrqaeYCK2W57BgAem/MLi6mtSE47MB6BOJ0i0=
github.com/danieljoos/wincred v1.2.2/go.mod h1:w7w4Utbrz8lqeMbDAK0lkNJUv5sAOkFi7nd/ogr0Uh8=
github.com/davecgh/go-spew v1.1.1 h1:vj9j/u1bqnvCEfJOwUhtlOARqs3+rkHYY13jYWTU97c=
github.com/davecgh/go-spew v1.1.1/go.mod h1:J7Y8YcW2NihsgmVo/mv3lAwl/skON4iLHjSsI+c5H38=
github.com/godbus/dbus/v5 v5.1.0 h1:4KLkAxT3aOY8Li4FRJe/KvhoNFFxo0m6fNuFUO8QJUk=
github.com/godbus/dbus/v5 v5.1.0/go.mod h1:xhWf0FNVPg57R7Z0UbKHbJfkEywrmjJnf7w5xrFpKfA=
github.com/google/shlex v0.0.0-20191202100458-e7afc7fbc510 h1:El6M4kTTCOh6aBiKaUGG7oYTSPP8MxqL4YI3kZKwcP4=
github.com/google/shlex v0.0.0-20191202100458-e7afc7fbc510/go.mod h1:pupxD2MaaD3pAXIBCelhxNneeOaAeabZDe5s4K6zSpQ=
github.com/pmezard/go-difflib v1.0.0 h1:4DBwDE0NGyQoBHbLQYPwSUPoCMWR5BEzIk/f1lZbAQM=
github.com/pmezard/go-difflib v1.0.0/go.mod h1:iKH77koFhYxTK1pcRnkKkqfTogsbg7gZNVY4sRDYZ/4=
github.com/stretchr/objx v0.5.2 h1:xuMeJ0Sdp5ZMRXx/aWO6RZxdr3beISkG5/G/aIRr3pY=
github.com/stretchr/objx v0.5.2/go.mod h1:FRsXN1f5AsAjCGJKqEizvkpNtU+EGNCLh3NxZ/8L+MA=
github.com/stretchr/testify v1.9.0 h1:HtqpIVDClZ4nwg75+f6Lvsy/wHu+3BoSGCbBAcpTsTg=
github.com/stretchr/testify v1.9.0/go.mod h1:r2ic/lqez/lEtzL7wO/rwa5dbSLXVDPFyf8C91i36aY=
github.com/zalando/go-keyring v0.2.6 h1:r7Yc3+H+Ux0+M72zacZoItR3UDxeWfKTcabvkI8ua9s=
github.com/zalando/go-keyring v0.2.6/go.mod h1:2TCrxYrbUNYfNS/Kgy/LSrkSQzZ5UPVH85RwfczwvcI=
golang.org/x/sys v0.36.0 h1:KVRy2GtZBrk1cBYA7MKu5bEZFxQk4NIDV6RLVcC8o0k=
golang.org/x/sys v0.36.0/go.mod h1:OgkHotnGiDImocRcuBABYBEXf8A9a87e/uXjp9XT3ks=
gopkg.in/yaml.v3 v3.0.1 h1:fxVm/GzAzEWqLHuvctI91KS9hhNmmWOoWu0XTYJS7CA=
gopkg.in/yaml.v3 v3.0.1/go.mod h1:K4uyk7z7BCEPqu6E+C64Yfv1cQ7kz7rIZviUmN+EgEM=
